
Microsoft Visual Studio Solution File, Format Version 12.00
# Visual Studio Version 16
VisualStudioVersion = 16.0.30413.136
MinimumVisualStudioVersion = 10.0.40219.1
Project("{FAE04EC0-301F-11D3-BF4B-00C04F79EFBC}") = "JdCheckIn", "JdCheckIn\JdCheckIn.csproj", "{F06FD465-B01B-4B3B-A9CA-5C8CC4FCD60B}"
EndProject
Global
	GlobalSection(SolutionConfigurationPlatforms) = preSolution
		Debug|Any CPU = Debug|Any CPU
		Release|Any CPU = Release|Any CPU
	EndGlobalSection
	GlobalSection(ProjectConfigurationPlatforms) = postSolution
		{F06FD465-B01B-4B3B-A9CA-5C8CC4FCD60B}.Debug|Any CPU.ActiveCfg = Debug|Any CPU
		{F06FD465-B01B-4B3B-A9CA-5C8CC4FCD60B}.Debug|Any CPU.Build.0 = Debug|Any CPU
		{F06FD465-B01B-4B3B-A9CA-5C8CC4FCD60B}.Release|Any CPU.ActiveCfg = Release|Any CPU
		{F06FD465-B01B-4B3B-A9CA-5C8CC4FCD60B}.Release|Any CPU.Build.0 = Release|Any CPU
	EndGlobalSection
	GlobalSection(SolutionProperties) = preSolution
		HideSolutionNode = FALSE
	EndGlobalSection
	GlobalSection(ExtensibilityGlobals) = postSolution
		SolutionGuid = {359242A7-E34B-42BD-B681-437052D84BE4}
	EndGlobalSection
EndGlobal
